
Microsoft Visual Studio Solution File, Format Version 12.00
# Visual Studio Version 17
VisualStudioVersion = 17.14.36623.8 d17.14
MinimumVisualStudioVersion = 10.0.40219.1
Project("{FAE04EC0-301F-11D3-BF4B-00C04F79EFBC}") = "DisplayDeck", "DisplayDeck\DisplayDeck.csproj", "{02275DF0-1E3F-4B78-BFDC-9E3BFD21AC31}"
EndProject
Global
	GlobalSection(SolutionConfigurationPlatforms) = preSolution
		Debug|Any CPU = Debug|Any CPU
		Release|Any CPU = Release|Any CPU
	EndGlobalSection
	GlobalSection(ProjectConfigurationPlatforms) = postSolution
		{02275DF0-1E3F-4B78-BFDC-9E3BFD21AC31}.Debug|Any CPU.ActiveCfg = Debug|Any CPU
		{02275DF0-1E3F-4B78-BFDC-9E3BFD21AC31}.Debug|Any CPU.Build.0 = Debug|Any CPU
		{02275DF0-1E3F-4B78-BFDC-9E3BFD21AC31}.Release|Any CPU.ActiveCfg = Release|Any CPU
		{02275DF0-1E3F-4B78-BFDC-9E3BFD21AC31}.Release|Any CPU.Build.0 = Release|Any CPU
	EndGlobalSection
	GlobalSection(SolutionProperties) = preSolution
		HideSolutionNode = FALSE
	EndGlobalSection
	GlobalSection(ExtensibilityGlobals) = postSolution
		SolutionGuid = {F59349A3-385B-4088-A802-0F5AE3AFAEA6}
	EndGlobalSection
EndGlobal
